
Microsoft Visual Studio Solution File, Format Version 12.00
# Visual Studio Version 17
VisualStudioVersion = 17.8.34330.188
MinimumVisualStudioVersion = 10.0.40219.1
Project("{FAE04EC0-301F-11D3-BF4B-00C04F79EFBC}") = "GA_IntegralMath_Salvador", "GA_IntegralMath_Salvador.csproj", "{EEE4B866-0581-4FE1-9E62-24021D892F6E}"
EndProject
Global
	GlobalSection(SolutionConfigurationPlatforms) = preSolution
		Debug|Any CPU = Debug|Any CPU
		Release|Any CPU = Release|Any CPU
	EndGlobalSection
	GlobalSection(ProjectConfigurationPlatforms) = postSolution
		{EEE4B866-0581-4FE1-9E62-24021D892F6E}.Debug|Any CPU.ActiveCfg = Debug|Any CPU
		{EEE4B866-0581-4FE1-9E62-24021D892F6E}.Debug|Any CPU.Build.0 = Debug|Any CPU
		{EEE4B866-0581-4FE1-9E62-24021D892F6E}.Release|Any CPU.ActiveCfg = Release|Any CPU
		{EEE4B866-0581-4FE1-9E62-24021D892F6E}.Release|Any CPU.Build.0 = Release|Any CPU
	EndGlobalSection
	GlobalSection(SolutionProperties) = preSolution
		HideSolutionNode = FALSE
	EndGlobalSection
	GlobalSection(ExtensibilityGlobals) = postSolution
		SolutionGuid = {920E03FB-5522-4988-AA29-F3B0D3AC6DBE}
	EndGlobalSection
EndGlobal
